
Microsoft Visual Studio Solution File, Format Version 12.00
# Visual Studio 15
VisualStudioVersion = 15.0.26124.0
MinimumVisualStudioVersion = 15.0.26124.0
Project("{2150E333-8FDC-42A3-9474-1A3956D46DE8}") = "src", "src", "{553EE56F-84E0-483B-802D-CCA7F12EA24B}"
EndProject
Project("{FAE04EC0-301F-11D3-BF4B-00C04F79EFBC}") = "simpleAPI", "src\simpleAPI\simpleAPI.csproj", "{76753A67-CC44-413D-AD83-4722EFB23227}"
EndProject
Project("{2150E333-8FDC-42A3-9474-1A3956D46DE8}") = "test", "test", "{B29E3D85-5711-4EFE-A4E5-825F5B64575C}"
EndProject
Project("{FAE04EC0-301F-11D3-BF4B-00C04F79EFBC}") = "simpleAPI.Test", "test\simpleAPI.Test\simpleAPI.Test.csproj", "{207B9965-A1D3-4CAF-A4DA-16631CC60C43}"
EndProject
Global
	GlobalSection(SolutionConfigurationPlatforms) = preSolution
		Debug|Any CPU = Debug|Any CPU
		Debug|x64 = Debug|x64
		Debug|x86 = Debug|x86
		Release|Any CPU = Release|Any CPU
		Release|x64 = Release|x64
		Release|x86 = Release|x86
	EndGlobalSection
	GlobalSection(SolutionProperties) = preSolution
		HideSolutionNode = FALSE
	EndGlobalSection
	GlobalSection(ProjectConfigurationPlatforms) = postSolution
		{76753A67-CC44-413D-AD83-4722EFB23227}.Debug|Any CPU.ActiveCfg = Debug|Any CPU
		{76753A67-CC44-413D-AD83-4722EFB23227}.Debug|Any CPU.Build.0 = Debug|Any CPU
		{76753A67-CC44-413D-AD83-4722EFB23227}.Debug|x64.ActiveCfg = Debug|Any CPU
		{76753A67-CC44-413D-AD83-4722EFB23227}.Debug|x64.Build.0 = Debug|Any CPU
		{76753A67-CC44-413D-AD83-4722EFB23227}.Debug|x86.ActiveCfg = Debug|Any CPU
		{76753A67-CC44-413D-AD83-4722EFB23227}.Debug|x86.Build.0 = Debug|Any CPU
		{76753A67-CC44-413D-AD83-4722EFB23227}.Release|Any CPU.ActiveCfg = Release|Any CPU
		{76753A67-CC44-413D-AD83-4722EFB23227}.Release|Any CPU.Build.0 = Release|Any CPU
		{76753A67-CC44-413D-AD83-4722EFB23227}.Release|x64.ActiveCfg = Release|Any CPU
		{76753A67-CC44-413D-AD83-4722EFB23227}.Release|x64.Build.0 = Release|Any CPU
		{76753A67-CC44-413D-AD83-4722EFB23227}.Release|x86.ActiveCfg = Release|Any CPU
		{76753A67-CC44-413D-AD83-4722EFB23227}.Release|x86.Build.0 = Release|Any CPU
		{207B9965-A1D3-4CAF-A4DA-16631CC60C43}.Debug|Any CPU.ActiveCfg = Debug|Any CPU
		{207B9965-A1D3-4CAF-A4DA-16631CC60C43}.Debug|Any CPU.Build.0 = Debug|Any CPU
		{207B9965-A1D3-4CAF-A4DA-16631CC60C43}.Debug|x64.ActiveCfg = Debug|Any CPU
		{207B9965-A1D3-4CAF-A4DA-16631CC60C43}.Debug|x64.Build.0 = Debug|Any CPU
		{207B9965-A1D3-4CAF-A4DA-16631CC60C43}.Debug|x86.ActiveCfg = Debug|Any CPU
		{207B9965-A1D3-4CAF-A4DA-16631CC60C43}.Debug|x86.Build.0 = Debug|Any CPU
		{207B9965-A1D3-4CAF-A4DA-16631CC60C43}.Release|Any CPU.ActiveCfg = Release|Any CPU
		{207B9965-A1D3-4CAF-A4DA-16631CC60C43}.Release|Any CPU.Build.0 = Release|Any CPU
		{207B9965-A1D3-4CAF-A4DA-16631CC60C43}.Release|x64.ActiveCfg = Release|Any CPU
		{207B9965-A1D3-4CAF-A4DA-16631CC60C43}.Release|x64.Build.0 = Release|Any CPU
		{207B9965-A1D3-4CAF-A4DA-16631CC60C43}.Release|x86.ActiveCfg = Release|Any CPU
		{207B9965-A1D3-4CAF-A4DA-16631CC60C43}.Release|x86.Build.0 = Release|Any CPU
	EndGlobalSection
	GlobalSection(NestedProjects) = preSolution
		{76753A67-CC44-413D-AD83-4722EFB23227} = {553EE56F-84E0-483B-802D-CCA7F12EA24B}
		{207B9965-A1D3-4CAF-A4DA-16631CC60C43} = {B29E3D85-5711-4EFE-A4E5-825F5B64575C}
	EndGlobalSection
EndGlobal
